
Microsoft Visual Studio Solution File, Format Version 12.00
# Visual Studio Version 16
VisualStudioVersion = 16.0.28803.202
MinimumVisualStudioVersion = 10.0.40219.1
Project("{2150E333-8FDC-42A3-9474-1A3956D46DE8}") = "Repo", "Repo", "{3E641DBD-0586-475D-98E6-4FACA25BE236}"
	ProjectSection(SolutionItems) = preProject
		.gitattributes = .gitattributes
		.gitignore = .gitignore
		LICENSE.txt = LICENSE.txt
		README.md = README.md
	EndProjectSection
EndProject
Project("{9A19103F-16F7-4668-BE54-9A1E7A4F7556}") = "BillionSongs", "Web\BillionSongs.csproj", "{6E65B458-03F5-476E-9F8B-C8650D0D866A}"
EndProject
Global
	GlobalSection(SolutionConfigurationPlatforms) = preSolution
		Debug|Any CPU = Debug|Any CPU
		Release|Any CPU = Release|Any CPU
	EndGlobalSection
	GlobalSection(ProjectConfigurationPlatforms) = postSolution
		{6E65B458-03F5-476E-9F8B-C8650D0D866A}.Debug|Any CPU.ActiveCfg = Debug|Any CPU
		{6E65B458-03F5-476E-9F8B-C8650D0D866A}.Debug|Any CPU.Build.0 = Debug|Any CPU
		{6E65B458-03F5-476E-9F8B-C8650D0D866A}.Release|Any CPU.ActiveCfg = Release|Any CPU
		{6E65B458-03F5-476E-9F8B-C8650D0D866A}.Release|Any CPU.Build.0 = Release|Any CPU
	EndGlobalSection
	GlobalSection(SolutionProperties) = preSolution
		HideSolutionNode = FALSE
	EndGlobalSection
	GlobalSection(ExtensibilityGlobals) = postSolution
		SolutionGuid = {13EDFE94-1B79-4386-A0FB-96BFA73D2C3A}
	EndGlobalSection
EndGlobal
